// !$*UTF8*$!
{
	archiveVersion = 1;
	classes = {
	};
	objectVersion = 56;
	objects = {

/* Begin PBXBuildFile section */
		2415E1E92BFB913E00EF9998 /* AppDelegate.m in Sources */ = {isa = PBXBuildFile; fileRef = 2415E1E82BFB913E00EF9998 /* AppDelegate.m */; };
		2415E1EC2BFB913E00EF9998 /* SceneDelegate.m in Sources */ = {isa = PBXBuildFile; fileRef = 2415E1EB2BFB913E00EF9998 /* SceneDelegate.m */; };
		2415E1EF2BFB913E00EF9998 /* ViewController.m in Sources */ = {isa = PBXBuildFile; fileRef = 2415E1EE2BFB913E00EF9998 /* ViewController.m */; };
		2415E1F22BFB913E00EF9998 /* Main.storyboard in Resources */ = {isa = PBXBuildFile; fileRef = 2415E1F02BFB913E00EF9998 /* Main.storyboard */; };
		2415E1F42BFB913F00EF9998 /* Assets.xcassets in Resources */ = {isa = PBXBuildFile; fileRef = 2415E1F32BFB913F00EF9998 /* Assets.xcassets */; };
		2415E1F72BFB913F00EF9998 /* LaunchScreen.storyboard in Resources */ = {isa = PBXBuildFile; fileRef = 2415E1F52BFB913F00EF9998 /* LaunchScreen.storyboard */; };
		2415E1FA2BFB913F00EF9998 /* main.m in Sources */ = {isa = PBXBuildFile; fileRef = 2415E1F92BFB913F00EF9998 /* main.m */; };
/* End PBXBuildFile section */

/* Begin PBXFileReference section */
		2415E1E42BFB913E00EF9998 /* iCloudDemo.app */ = {isa = PBXFileReference; explicitFileType = wrapper.application; includeInIndex = 0; path = iCloudDemo.app; sourceTree = BUILT_PRODUCTS_DIR; };
		2415E1E72BFB913E00EF9998 /* AppDelegate.h */ = {isa = PBXFileReference; lastKnownFileType = sourcecode.c.h; path = AppDelegate.h; sourceTree = "<group>"; };
		2415E1E82BFB913E00EF9998 /* AppDelegate.m */ = {isa = PBXFileReference; lastKnownFileType = sourcecode.c.objc; path = AppDelegate.m; sourceTree = "<group>"; };
		2415E1EA2BFB913E00EF9998 /* SceneDelegate.h */ = {isa = PBXFileReference; lastKnownFileType = sourcecode.c.h; path = SceneDelegate.h; sourceTree = "<group>"; };
		2415E1EB2BFB913E00EF9998 /* SceneDelegate.m */ = {isa = PBXFileReference; lastKnownFileType = sourcecode.c.objc; path = SceneDelegate.m; sourceTree = "<group>"; };
		2415E1ED2BFB913E00EF9998 /* ViewController.h */ = {isa = PBXFileReference; lastKnownFileType = sourcecode.c.h; path = ViewController.h; sourceTree = "<group>"; };
		2415E1EE2BFB913E00EF9998 /* ViewController.m */ = {isa = PBXFileReference; lastKnownFileType = sourcecode.c.objc; path = ViewController.m; sourceTree = "<group>"; };
		2415E1F12BFB913E00EF9998 /* Base */ = {isa = PBXFileReference; lastKnownFileType = file.storyboard; name = Base; path = Base.lproj/Main.storyboard; sourceTree = "<group>"; };
		2415E1F32BFB913F00EF9998 /* Assets.xcassets */ = {isa = PBXFileReference; lastKnownFileType = folder.assetcatalog; path = Assets.xcassets; sourceTree = "<group>"; };
		2415E1F62BFB913F00EF9998 /* Base */ = {isa = PBXFileReference; lastKnownFileType = file.storyboard; name = Base; path = Base.lproj/LaunchScreen.storyboard; sourceTree = "<group>"; };
		2415E1F82BFB913F00EF9998 /* Info.plist */ = {isa = PBXFileReference; lastKnownFileType = text.plist.xml; path = Info.plist; sourceTree = "<group>"; };
		2415E1F92BFB913F00EF9998 /* main.m */ = {isa = PBXFileReference; lastKnownFileType = sourcecode.c.objc; path = main.m; sourceTree = "<group>"; };
		2415E2002BFB924600EF9998 /* iCloudDemo.entitlements */ = {isa = PBXFileReference; lastKnownFileType = text.plist.entitlements; path = iCloudDemo.entitlements; sourceTree = "<group>"; };
/* End PBXFileReference section */

/* Begin PBXFrameworksBuildPhase section */
		2415E1E12BFB913E00EF9998 /* Frameworks */ = {
			isa = PBXFrameworksBuildPhase;
			buildActionMask = 2147483647;
			files = (
			);
			runOnlyForDeploymentPostprocessing = 0;
		};
/* End PBXFrameworksBuildPhase section */

/* Begin PBXGroup section */
		2415E1DB2BFB913E00EF9998 = {
			isa = PBXGroup;
			children = (
				2415E1E62BFB913E00EF9998 /* iCloudDemo */,
				2415E1E52BFB913E00EF9998 /* Products */,
			);
			sourceTree = "<group>";
		};
		2415E1E52BFB913E00EF9998 /* Products */ = {
			isa = PBXGroup;
			children = (
				2415E1E42BFB913E00EF9998 /* iCloudDemo.app */,
			);
			name = Products;
			sourceTree = "<group>";
		};
		2415E1E62BFB913E00EF9998 /* iCloudDemo */ = {
			isa = PBXGroup;
			children = (
				2415E2002BFB924600EF9998 /* iCloudDemo.entitlements */,
				2415E1E72BFB913E00EF9998 /* AppDelegate.h */,
				2415E1E82BFB913E00EF9998 /* AppDelegate.m */,
				2415E1EA2BFB913E00EF9998 /* SceneDelegate.h */,
				2415E1EB2BFB913E00EF9998 /* SceneDelegate.m */,
				2415E1ED2BFB913E00EF9998 /* ViewController.h */,
				2415E1EE2BFB913E00EF9998 /* ViewController.m */,
				2415E1F02BFB913E00EF9998 /* Main.storyboard */,
				2415E1F32BFB913F00EF9998 /* Assets.xcassets */,
				2415E1F52BFB913F00EF9998 /* LaunchScreen.storyboard */,
				2415E1F82BFB913F00EF9998 /* Info.plist */,
				2415E1F92BFB913F00EF9998 /* main.m */,
			);
			path = iCloudDemo;
			sourceTree = "<group>";
		};
/* End PBXGroup section */

/* Begin PBXNativeTarget section */
		2415E1E32BFB913E00EF9998 /* iCloudDemo */ = {
			isa = PBXNativeTarget;
			buildConfigurationList = 2415E1FD2BFB913F00EF9998 /* Build configuration list for PBXNativeTarget "iCloudDemo" */;
			buildPhases = (
				2415E1E02BFB913E00EF9998 /* Sources */,
				2415E1E12BFB913E00EF9998 /* Frameworks */,
				2415E1E22BFB913E00EF9998 /* Resources */,
			);
			buildRules = (
			);
			dependencies = (
			);
			name = iCloudDemo;
			productName = iCloudDemo;
			productReference = 2415E1E42BFB913E00EF9998 /* iCloudDemo.app */;
			productType = "com.apple.product-type.application";
		};
/* End PBXNativeTarget section */

/* Begin PBXProject section */
		2415E1DC2BFB913E00EF9998 /* Project object */ = {
			isa = PBXProject;
			attributes = {
				BuildIndependentTargetsInParallel = 1;
				LastUpgradeCheck = 1510;
				TargetAttributes = {
					2415E1E32BFB913E00EF9998 = {
						CreatedOnToolsVersion = 15.1;
					};
				};
			};
			buildConfigurationList = 2415E1DF2BFB913E00EF9998 /* Build configuration list for PBXProject "iCloudDemo" */;
			compatibilityVersion = "Xcode 14.0";
			developmentRegion = en;
			hasScannedForEncodings = 0;
			knownRegions = (
				en,
				Base,
			);
			mainGroup = 2415E1DB2BFB913E00EF9998;
			productRefGroup = 2415E1E52BFB913E00EF9998 /* Products */;
			projectDirPath = "";
			projectRoot = "";
			targets = (
				2415E1E32BFB913E00EF9998 /* iCloudDemo */,
			);
		};
/* End PBXProject section */

/* Begin PBXResourcesBuildPhase section */
		2415E1E22BFB913E00EF9998 /* Resources */ = {
			isa = PBXResourcesBuildPhase;
			buildActionMask = 2147483647;
			files = (
				2415E1F72BFB913F00EF9998 /* LaunchScreen.storyboard in Resources */,
				2415E1F42BFB913F00EF9998 /* Assets.xcassets in Resources */,
				2415E1F22BFB913E00EF9998 /* Main.storyboard in Resources */,
			);
			runOnlyForDeploymentPostprocessing = 0;
		};
/* End PBXResourcesBuildPhase section */

/* Begin PBXSourcesBuildPhase section */
		2415E1E02BFB913E00EF9998 /* Sources */ = {
			isa = PBXSourcesBuildPhase;
			buildActionMask = 2147483647;
			files = (
				2415E1EF2BFB913E00EF9998 /* ViewController.m in Sources */,
				2415E1E92BFB913E00EF9998 /* AppDelegate.m in Sources */,
				2415E1FA2BFB913F00EF9998 /* main.m in Sources */,
				2415E1EC2BFB913E00EF9998 /* SceneDelegate.m in Sources */,
			);
			runOnlyForDeploymentPostprocessing = 0;
		};
/* End PBXSourcesBuildPhase section */

/* Begin PBXVariantGroup section */
		2415E1F02BFB913E00EF9998 /* Main.storyboard */ = {
			isa = PBXVariantGroup;
			children = (
				2415E1F12BFB913E00EF9998 /* Base */,
			);
			name = Main.storyboard;
			sourceTree = "<group>";
		};
		2415E1F52BFB913F00EF9998 /* LaunchScreen.storyboard */ = {
			isa = PBXVariantGroup;
			children = (
				2415E1F62BFB913F00EF9998 /* Base */,
			);
			name = LaunchScreen.storyboard;
			sourceTree = "<group>";
		};
/* End PBXVariantGroup section */

/* Begin XCBuildConfiguration section */
		2415E1FB2BFB913F00EF9998 /* Debug */ = {
			isa = XCBuildConfiguration;
			buildSettings = {
				ALWAYS_SEARCH_USER_PATHS = NO;
				ASSETCATALOG_COMPILER_GENERATE_SWIFT_ASSET_SYMBOL_EXTENSIONS = YES;
				CLANG_ANALYZER_NONNULL = YES;
				CLANG_ANALYZER_NUMBER_OBJECT_CONVERSION = YES_AGGRESSIVE;
				CLANG_CXX_LANGUAGE_STANDARD = "gnu++20";
				CLANG_ENABLE_MODULES = YES;
				CLANG_ENABLE_OBJC_ARC = YES;
				CLANG_ENABLE_OBJC_WEAK = YES;
				CLANG_WARN_BLOCK_CAPTURE_AUTORELEASING = YES;
				CLANG_WARN_BOOL_CONVERSION = YES;
				CLANG_WARN_COMMA = YES;
				CLANG_WARN_CONSTANT_CONVERSION = YES;
				CLANG_WARN_DEPRECATED_OBJC_IMPLEMENTATIONS = YES;
				CLANG_WARN_DIRECT_OBJC_ISA_USAGE = YES_ERROR;
				CLANG_WARN_DOCUMENTATION_COMMENTS = YES;
				CLANG_WARN_EMPTY_BODY = YES;
				CLANG_WARN_ENUM_CONVERSION = YES;
				CLANG_WARN_INFINITE_RECURSION = YES;
				CLANG_WARN_INT_CONVERSION = YES;
				CLANG_WARN_NON_LITERAL_NULL_CONVERSION = YES;
				CLANG_WARN_OBJC_IMPLICIT_RETAIN_SELF = YES;
				CLANG_WARN_OBJC_LITERAL_CONVERSION = YES;
				CLANG_WARN_OBJC_ROOT_CLASS = YES_ERROR;
				CLANG_WARN_QUOTED_INCLUDE_IN_FRAMEWORK_HEADER = YES;
				CLANG_WARN_RANGE_LOOP_ANALYSIS = YES;
				CLANG_WARN_STRICT_PROTOTYPES = YES;
				CLANG_WARN_SUSPICIOUS_MOVE = YES;
				CLANG_WARN_UNGUARDED_AVAILABILITY = YES_AGGRESSIVE;
				CLANG_WARN_UNREACHABLE_CODE = YES;
				CLANG_WARN__DUPLICATE_METHOD_MATCH = YES;
				COPY_PHASE_STRIP = NO;
				DEBUG_INFORMATION_FORMAT = dwarf;
				ENABLE_STRICT_OBJC_MSGSEND = YES;
				ENABLE_TESTABILITY = YES;
				ENABLE_USER_SCRIPT_SANDBOXING = YES;
				GCC_C_LANGUAGE_STANDARD = gnu17;
				GCC_DYNAMIC_NO_PIC = NO;
				GCC_NO_COMMON_BLOCKS = YES;
				GCC_OPTIMIZATION_LEVEL = 0;
				GCC_PREPROCESSOR_DEFINITIONS = (
					"DEBUG=1",
					"$(inherited)",
				);
				GCC_WARN_64_TO_32_BIT_CONVERSION = YES;
				GCC_WARN_ABOUT_RETURN_TYPE = YES_ERROR;
				GCC_WARN_UNDECLARED_SELECTOR = YES;
				GCC_WARN_UNINITIALIZED_AUTOS = YES_AGGRESSIVE;
				GCC_WARN_UNUSED_FUNCTION = YES;
				GCC_WARN_UNUSED_VARIABLE = YES;
				IPHONEOS_DEPLOYMENT_TARGET = 15.0;
				LOCALIZATION_PREFERS_STRING_CATALOGS = YES;
				MTL_ENABLE_DEBUG_INFO = INCLUDE_SOURCE;
				MTL_FAST_MATH = YES;
				ONLY_ACTIVE_ARCH = YES;
				SDKROOT = iphoneos;
			};
			name = Debug;
		};
		2415E1FC2BFB913F00EF9998 /* Release */ = {
			isa = XCBuildConfiguration;
			buildSettings = {
				ALWAYS_SEARCH_USER_PATHS = NO;
				ASSETCATALOG_COMPILER_GENERATE_SWIFT_ASSET_SYMBOL_EXTENSIONS = YES;
				CLANG_ANALYZER_NONNULL = YES;
				CLANG_ANALYZER_NUMBER_OBJECT_CONVERSION = YES_AGGRESSIVE;
				CLANG_CXX_LANGUAGE_STANDARD = "gnu++20";
				CLANG_ENABLE_MODULES = YES;
				CLANG_ENABLE_OBJC_ARC = YES;
				CLANG_ENABLE_OBJC_WEAK = YES;
				CLANG_WARN_BLOCK_CAPTURE_AUTORELEASING = YES;
				CLANG_WARN_BOOL_CONVERSION = YES;
				CLANG_WARN_COMMA = YES;
				CLANG_WARN_CONSTANT_CONVERSION = YES;
				CLANG_WARN_DEPRECATED_OBJC_IMPLEMENTATIONS = YES;
				CLANG_WARN_DIRECT_OBJC_ISA_USAGE = YES_ERROR;
				CLANG_WARN_DOCUMENTATION_COMMENTS = YES;
				CLANG_WARN_EMPTY_BODY = YES;
				CLANG_WARN_ENUM_CONVERSION = YES;
				CLANG_WARN_INFINITE_RECURSION = YES;
				CLANG_WARN_INT_CONVERSION = YES;
				CLANG_WARN_NON_LITERAL_NULL_CONVERSION = YES;
				CLANG_WARN_OBJC_IMPLICIT_RETAIN_SELF = YES;
				CLANG_WARN_OBJC_LITERAL_CONVERSION = YES;
				CLANG_WARN_OBJC_ROOT_CLASS = YES_ERROR;
				CLANG_WARN_QUOTED_INCLUDE_IN_FRAMEWORK_HEADER = YES;
				CLANG_WARN_RANGE_LOOP_ANALYSIS = YES;
				CLANG_WARN_STRICT_PROTOTYPES = YES;
				CLANG_WARN_SUSPICIOUS_MOVE = YES;
				CLANG_WARN_UNGUARDED_AVAILABILITY = YES_AGGRESSIVE;
				CLANG_WARN_UNREACHABLE_CODE = YES;
				CLANG_WARN__DUPLICATE_METHOD_MATCH = YES;
				COPY_PHASE_STRIP = NO;
				DEBUG_INFORMATION_FORMAT = "dwarf-with-dsym";
				ENABLE_NS_ASSERTIONS = NO;
				ENABLE_STRICT_OBJC_MSGSEND = YES;
				ENABLE_USER_SCRIPT_SANDBOXING = YES;
				GCC_C_LANGUAGE_STANDARD = gnu17;
				GCC_NO_COMMON_BLOCKS = YES;
				GCC_WARN_64_TO_32_BIT_CONVERSION = YES;
				GCC_WARN_ABOUT_RETURN_TYPE = YES_ERROR;
				GCC_WARN_UNDECLARED_SELECTOR = YES;
				GCC_WARN_UNINITIALIZED_AUTOS = YES_AGGRESSIVE;
				GCC_WARN_UNUSED_FUNCTION = YES;
				GCC_WARN_UNUSED_VARIABLE = YES;
				IPHONEOS_DEPLOYMENT_TARGET = 15.0;
				LOCALIZATION_PREFERS_STRING_CATALOGS = YES;
				MTL_ENABLE_DEBUG_INFO = NO;
				MTL_FAST_MATH = YES;
				SDKROOT = iphoneos;
				VALIDATE_PRODUCT = YES;
			};
			name = Release;
		};
		2415E1FE2BFB913F00EF9998 /* Debug */ = {
			isa = XCBuildConfiguration;
			buildSettings = {
				ASSETCATALOG_COMPILER_APPICON_NAME = AppIcon;
				ASSETCATALOG_COMPILER_GLOBAL_ACCENT_COLOR_NAME = AccentColor;
				CODE_SIGN_ENTITLEMENTS = iCloudDemo/iCloudDemo.entitlements;
				CODE_SIGN_STYLE = Automatic;
				CURRENT_PROJECT_VERSION = 1;
				DEVELOPMENT_TEAM = 5YBWG2X244;
				GENERATE_INFOPLIST_FILE = YES;
				INFOPLIST_FILE = iCloudDemo/Info.plist;
				INFOPLIST_KEY_UIApplicationSupportsIndirectInputEvents = YES;
				INFOPLIST_KEY_UILaunchStoryboardName = LaunchScreen;
				INFOPLIST_KEY_UIMainStoryboardFile = Main;
				INFOPLIST_KEY_UISupportedInterfaceOrientations_iPad = "UIInterfaceOrientationPortrait UIInterfaceOrientationPortraitUpsideDown UIInterfaceOrientationLandscapeLeft UIInterfaceOrientationLandscapeRight";
				INFOPLIST_KEY_UISupportedInterfaceOrientations_iPhone = "UIInterfaceOrientationPortrait UIInterfaceOrientationLandscapeLeft UIInterfaceOrientationLandscapeRight";
				IPHONEOS_DEPLOYMENT_TARGET = 13.0;
				LD_RUNPATH_SEARCH_PATHS = (
					"$(inherited)",
					"@executable_path/Frameworks",
				);
				MARKETING_VERSION = 1.0;
				PRODUCT_BUNDLE_IDENTIFIER = cn.jobs8.iCloudDemo;
				PRODUCT_NAME = "$(TARGET_NAME)";
				SUPPORTED_PLATFORMS = "iphoneos iphonesimulator";
				SUPPORTS_MACCATALYST = NO;
				SUPPORTS_MAC_DESIGNED_FOR_IPHONE_IPAD = NO;
				SWIFT_EMIT_LOC_STRINGS = YES;
				TARGETED_DEVICE_FAMILY = 1;
			};
			name = Debug;
		};
		2415E1FF2BFB913F00EF9998 /* Release */ = {
			isa = XCBuildConfiguration;
			buildSettings = {
				ASSETCATALOG_COMPILER_APPICON_NAME = AppIcon;
				ASSETCATALOG_COMPILER_GLOBAL_ACCENT_COLOR_NAME = AccentColor;
				CODE_SIGN_ENTITLEMENTS = iCloudDemo/iCloudDemo.entitlements;
				CODE_SIGN_STYLE = Automatic;
				CURRENT_PROJECT_VERSION = 1;
				DEVELOPMENT_TEAM = 5YBWG2X244;
				GENERATE_INFOPLIST_FILE = YES;
				INFOPLIST_FILE = iCloudDemo/Info.plist;
				INFOPLIST_KEY_UIApplicationSupportsIndirectInputEvents = YES;
				INFOPLIST_KEY_UILaunchStoryboardName = LaunchScreen;
				INFOPLIST_KEY_UIMainStoryboardFile = Main;
				INFOPLIST_KEY_UISupportedInterfaceOrientations_iPad = "UIInterfaceOrientationPortrait UIInterfaceOrientationPortraitUpsideDown UIInterfaceOrientationLandscapeLeft UIInterfaceOrientationLandscapeRight";
				INFOPLIST_KEY_UISupportedInterfaceOrientations_iPhone = "UIInterfaceOrientationPortrait UIInterfaceOrientationLandscapeLeft UIInterfaceOrientationLandscapeRight";
				IPHONEOS_DEPLOYMENT_TARGET = 13.0;
				LD_RUNPATH_SEARCH_PATHS = (
					"$(inherited)",
					"@executable_path/Frameworks",
				);
				MARKETING_VERSION = 1.0;
				PRODUCT_BUNDLE_IDENTIFIER = cn.jobs8.iCloudDemo;
				PRODUCT_NAME = "$(TARGET_NAME)";
				SUPPORTED_PLATFORMS = "iphoneos iphonesimulator";
				SUPPORTS_MACCATALYST = NO;
				SUPPORTS_MAC_DESIGNED_FOR_IPHONE_IPAD = NO;
				SWIFT_EMIT_LOC_STRINGS = YES;
				TARGETED_DEVICE_FAMILY = 1;
			};
			name = Release;
		};
/* End XCBuildConfiguration section */

/* Begin XCConfigurationList section */
		2415E1DF2BFB913E00EF9998 /* Build configuration list for PBXProject "iCloudDemo" */ = {
			isa = XCConfigurationList;
			buildConfigurations = (
				2415E1FB2BFB913F00EF9998 /* Debug */,
				2415E1FC2BFB913F00EF9998 /* Release */,
			);
			defaultConfigurationIsVisible = 0;
			defaultConfigurationName = Release;
		};
		2415E1FD2BFB913F00EF9998 /* Build configuration list for PBXNativeTarget "iCloudDemo" */ = {
			isa = XCConfigurationList;
			buildConfigurations = (
				2415E1FE2BFB913F00EF9998 /* Debug */,
				2415E1FF2BFB913F00EF9998 /* Release */,
			);
			defaultConfigurationIsVisible = 0;
			defaultConfigurationName = Release;
		};
/* End XCConfigurationList section */
	};
	rootObject = 2415E1DC2BFB913E00EF9998 /* Project object */;
}
